
Microsoft Visual Studio Solution File, Format Version 12.00
# Visual Studio Version 16
VisualStudioVersion = 16.0.31624.102
MinimumVisualStudioVersion = 10.0.40219.1
Project("{9A19103F-16F7-4668-BE54-9A1E7A4F7556}") = "LocatorLib", "LocatorLib\LocatorLib.csproj", "{753D7B0A-A1B3-48A0-8C07-371D50BAF134}"
EndProject
Project("{9A19103F-16F7-4668-BE54-9A1E7A4F7556}") = "Tests", "Tests\Tests.csproj", "{84B79DC8-A62D-4915-BBAD-2C08A0AF91CE}"
EndProject
Project("{9A19103F-16F7-4668-BE54-9A1E7A4F7556}") = "TestByNikolayMVVM", "TestByNikolay\TestByNikolayMVVM.csproj", "{977F3756-5BAA-4E32-B279-732B6D9960D4}"
EndProject
Global
	GlobalSection(SolutionConfigurationPlatforms) = preSolution
		Debug|Any CPU = Debug|Any CPU
		Release|Any CPU = Release|Any CPU
	EndGlobalSection
	GlobalSection(ProjectConfigurationPlatforms) = postSolution
		{753D7B0A-A1B3-48A0-8C07-371D50BAF134}.Debug|Any CPU.ActiveCfg = Debug|Any CPU
		{753D7B0A-A1B3-48A0-8C07-371D50BAF134}.Debug|Any CPU.Build.0 = Debug|Any CPU
		{753D7B0A-A1B3-48A0-8C07-371D50BAF134}.Release|Any CPU.ActiveCfg = Release|Any CPU
		{753D7B0A-A1B3-48A0-8C07-371D50BAF134}.Release|Any CPU.Build.0 = Release|Any CPU
		{84B79DC8-A62D-4915-BBAD-2C08A0AF91CE}.Debug|Any CPU.ActiveCfg = Debug|Any CPU
		{84B79DC8-A62D-4915-BBAD-2C08A0AF91CE}.Debug|Any CPU.Build.0 = Debug|Any CPU
		{84B79DC8-A62D-4915-BBAD-2C08A0AF91CE}.Release|Any CPU.ActiveCfg = Release|Any CPU
		{84B79DC8-A62D-4915-BBAD-2C08A0AF91CE}.Release|Any CPU.Build.0 = Release|Any CPU
		{977F3756-5BAA-4E32-B279-732B6D9960D4}.Debug|Any CPU.ActiveCfg = Debug|Any CPU
		{977F3756-5BAA-4E32-B279-732B6D9960D4}.Debug|Any CPU.Build.0 = Debug|Any CPU
		{977F3756-5BAA-4E32-B279-732B6D9960D4}.Release|Any CPU.ActiveCfg = Release|Any CPU
		{977F3756-5BAA-4E32-B279-732B6D9960D4}.Release|Any CPU.Build.0 = Release|Any CPU
	EndGlobalSection
	GlobalSection(SolutionProperties) = preSolution
		HideSolutionNode = FALSE
	EndGlobalSection
	GlobalSection(ExtensibilityGlobals) = postSolution
		SolutionGuid = {C15025C2-C2ED-4D7D-8C11-2D7D877744FE}
	EndGlobalSection
EndGlobal
